{
  "name": "html-obj",
  "version": "1.0.0",
  "lockfileVersion": 2,
  "requires": true,
  "packages": {
    "": {
      "version": "1.0.0",
      "license": "MIT",
      "dependencies": {
        "xml-obj": "^1.0.0"
      }
    },
    "node_modules/xml-obj": {
      "version": "1.0.0",
      "resolved": "https://registry.npmjs.org/xml-obj/-/xml-obj-1.0.0.tgz",
      "integrity": "sha512-nYS4/Srz2+fpHI9gh7HZX44rs5qsfNyKNPX5uOrx33R7uu8Fo/pXyKOQNDTvpSAc+rkLjbCEWivJkgnx8S4noA=="
    }
  },
  "dependencies": {
    "xml-obj": {
      "version": "1.0.0",
      "resolved": "https://registry.npmjs.org/xml-obj/-/xml-obj-1.0.0.tgz",
      "integrity": "sha512-nYS4/Srz2+fpHI9gh7HZX44rs5qsfNyKNPX5uOrx33R7uu8Fo/pXyKOQNDTvpSAc+rkLjbCEWivJkgnx8S4noA=="
    }
  }
}
